
Microsoft Visual Studio Solution File, Format Version 12.00
# Visual Studio Version 17
VisualStudioVersion = 17.2.32602.215
MinimumVisualStudioVersion = 10.0.40219.1
Project("{8BC9CEB8-8B4A-11D0-8D11-00A0C91BC942}") = "Chapter 6", "Chapter 6\Chapter 6.vcxproj", "{DE4C1EF8-0AA4-46AA-BACD-0C134968EDFE}"
EndProject
Global
	GlobalSection(SolutionConfigurationPlatforms) = preSolution
		Debug|x64 = Debug|x64
		Debug|x86 = Debug|x86
		Release|x64 = Release|x64
		Release|x86 = Release|x86
	EndGlobalSection
	GlobalSection(ProjectConfigurationPlatforms) = postSolution
		{DE4C1EF8-0AA4-46AA-BACD-0C134968EDFE}.Debug|x64.ActiveCfg = Debug|x64
		{DE4C1EF8-0AA4-46AA-BACD-0C134968EDFE}.Debug|x64.Build.0 = Debug|x64
		{DE4C1EF8-0AA4-46AA-BACD-0C134968EDFE}.Debug|x86.ActiveCfg = Debug|Win32
		{DE4C1EF8-0AA4-46AA-BACD-0C134968EDFE}.Debug|x86.Build.0 = Debug|Win32
		{DE4C1EF8-0AA4-46AA-BACD-0C134968EDFE}.Release|x64.ActiveCfg = Release|x64
		{DE4C1EF8-0AA4-46AA-BACD-0C134968EDFE}.Release|x64.Build.0 = Release|x64
		{DE4C1EF8-0AA4-46AA-BACD-0C134968EDFE}.Release|x86.ActiveCfg = Release|Win32
		{DE4C1EF8-0AA4-46AA-BACD-0C134968EDFE}.Release|x86.Build.0 = Release|Win32
	EndGlobalSection
	GlobalSection(SolutionProperties) = preSolution
		HideSolutionNode = FALSE
	EndGlobalSection
	GlobalSection(ExtensibilityGlobals) = postSolution
		SolutionGuid = {DC4FD98E-0CE5-4161-B232-951E480284E4}
	EndGlobalSection
EndGlobal
